github.com/DanyJDuque/go_lib_response v0.0.1 h1:Az6uOnTxlsTXX7UTeL04uVtX2HoorB1i+sgqPxC05yQ=
github.com/DanyJDuque/go_lib_response v0.0.1/go.mod h1:gdS7eSuIdotNRQ7qOmXD19cJ2/b5Fy3b5q1JW/1ySZ0=
github.com/DanyJDuque/gocourse_domain v0.0.1 h1:6mFAYYvImVV7ftee6ImJJs7PBiM28p4wB/5xce7wMHU=
github.com/DanyJDuque/gocourse_domain v0.0.1/go.mod h1:9bXQOi55tNdo2S/Nn2VoVE1bxMIt8FhPbPkCzcuGkNc=
github.com/DanyJDuque/gocourse_meta v0.0.1 h1:kI+HMIgh9WIZbDsVUdSp2AdBrTMsx3xBgLz3vjCtccQ=
github.com/DanyJDuque/gocourse_meta v0.0.1/go.mod h1:BNzSDWipIhZXQOJPxXNKneKx+EJ2AZVB6FV62C8eW2Q=
github.com/google/uuid v1.6.0 h1:NIvaJDMOsjHA8n1jAhLSgzrAzy1Hgr+hNrb57e+94F0=
github.com/google/uuid v1.6.0/go.mod h1:TIyPZe4MgqvfeYDBFedMoGGpEw/LqOeaOT+nhxU+yHo=
github.com/jinzhu/inflection v1.0.0 h1:K317FqzuhWc8YvSVlFMCCUb36O/S9MCKRDI7QkRKD/E=
github.com/jinzhu/inflection v1.0.0/go.mod h1:h+uFLlag+Qp1Va5pdKtLDYj+kHp5pxUVkryuEj+Srlc=
github.com/jinzhu/now v1.1.5 h1:/o9tlHleP7gOFmsnYNz3RGnqzefHA47wQpKrrdTIwXQ=
github.com/jinzhu/now v1.1.5/go.mod h1:d3SSVoowX0Lcu0IBviAWJpolVfI5UJVZZ7cO71lE/z8=
golang.org/x/text v0.20.0 h1:gK/Kv2otX8gz+wn7Rmb3vT96ZwuoxnQlY+HlJVj7Qug=
golang.org/x/text v0.20.0/go.mod h1:D4IsuqiFMhST5bX19pQ9ikHC2GsaKyk/oF+pn3ducp4=
gorm.io/gorm v1.31.0 h1:0VlycGreVhK7RF/Bwt51Fk8v0xLiiiFdbGDPIZQ7mJY=
gorm.io/gorm v1.31.0/go.mod h1:XyQVbO2k6YkOis7C2437jSit3SsDK72s7n7rsSHd+Gs=
